{
  "name": "fastwhalecall",
  "version": "1.0.0",
  "lockfileVersion": 1,
  "requires": true,
  "dependencies": {
    "eventemitter2": {
      "version": "6.4.3",
      "resolved": "https://registry.npm.taobao.org/eventemitter2/download/eventemitter2-6.4.3.tgz",
      "integrity": "sha512-t0A2msp6BzOf+QAcI6z9XMktLj52OjGQg+8SJH6v5+3uxNpWYRR3wQmfA+6xtMU9kOC59qk9licus5dYcrYkMQ=="
    },
    "js-md5": {
      "version": "0.7.3",
      "resolved": "https://registry.npmjs.org/js-md5/-/js-md5-0.7.3.tgz",
      "integrity": "sha512-ZC41vPSTLKGwIRjqDh8DfXoCrdQIyBgspJVPXHBGu4nZlAEvG3nf+jO9avM9RmLiGakg7vz974ms99nEV0tmTQ=="
    },
    "lodash": {
      "version": "4.17.20",
      "resolved": "https://registry.npm.taobao.org/lodash/download/lodash-4.17.20.tgz",
      "integrity": "sha512-PlhdFcillOINfeV7Ni6oF1TAEayyZBoZ8bcshTHqOYJYlrqzRK5hagpagky5o4HfCzzd1TRkXPMFq6cKk9rGmA=="
    }
  }
}
